
Microsoft Visual Studio Solution File, Format Version 12.00
# Visual Studio Version 16
VisualStudioVersion = 16.0.30413.136
MinimumVisualStudioVersion = 10.0.40219.1
Project("{FAE04EC0-301F-11D3-BF4B-00C04F79EFBC}") = "FriendMVVM_K.Android", "FriendMVVM_K.Android\FriendMVVM_K.Android.csproj", "{71B09B8B-794D-4AF0-9067-1086E397A097}"
EndProject
Project("{FAE04EC0-301F-11D3-BF4B-00C04F79EFBC}") = "FriendMVVM_K", "FriendMVVM_K\FriendMVVM_K.csproj", "{F09BD7A0-9201-4883-92D2-8FF6BCAF2674}"
EndProject
Global
	GlobalSection(SolutionConfigurationPlatforms) = preSolution
		Debug|Any CPU = Debug|Any CPU
		Release|Any CPU = Release|Any CPU
	EndGlobalSection
	GlobalSection(ProjectConfigurationPlatforms) = postSolution
		{71B09B8B-794D-4AF0-9067-1086E397A097}.Debug|Any CPU.ActiveCfg = Debug|Any CPU
		{71B09B8B-794D-4AF0-9067-1086E397A097}.Debug|Any CPU.Build.0 = Debug|Any CPU
		{71B09B8B-794D-4AF0-9067-1086E397A097}.Debug|Any CPU.Deploy.0 = Debug|Any CPU
		{71B09B8B-794D-4AF0-9067-1086E397A097}.Release|Any CPU.ActiveCfg = Release|Any CPU
		{71B09B8B-794D-4AF0-9067-1086E397A097}.Release|Any CPU.Build.0 = Release|Any CPU
		{71B09B8B-794D-4AF0-9067-1086E397A097}.Release|Any CPU.Deploy.0 = Release|Any CPU
		{F09BD7A0-9201-4883-92D2-8FF6BCAF2674}.Debug|Any CPU.ActiveCfg = Debug|Any CPU
		{F09BD7A0-9201-4883-92D2-8FF6BCAF2674}.Debug|Any CPU.Build.0 = Debug|Any CPU
		{F09BD7A0-9201-4883-92D2-8FF6BCAF2674}.Debug|Any CPU.Deploy.0 = Debug|Any CPU
		{F09BD7A0-9201-4883-92D2-8FF6BCAF2674}.Release|Any CPU.ActiveCfg = Release|Any CPU
		{F09BD7A0-9201-4883-92D2-8FF6BCAF2674}.Release|Any CPU.Build.0 = Release|Any CPU
		{F09BD7A0-9201-4883-92D2-8FF6BCAF2674}.Release|Any CPU.Deploy.0 = Release|Any CPU
	EndGlobalSection
	GlobalSection(SolutionProperties) = preSolution
		HideSolutionNode = FALSE
	EndGlobalSection
	GlobalSection(ExtensibilityGlobals) = postSolution
		SolutionGuid = {FF485976-4F4B-404C-8420-C3B5FC25B330}
	EndGlobalSection
EndGlobal
